Microsoft Visual Studio Solution File, Format Version 11.00
# Visual Studio 2008

Project("{F56A958D-4156-7962-C402-4A431352B5A9}") = "HorrorGameTEST", "Assembly-CSharp.csproj", "{FECC003D-BC84-3F48-A093-70DA7AF05EBD}"
EndProject
Global
	GlobalSection(SolutionConfigurationPlatforms) = preSolution
		Debug|Any CPU = Debug|Any CPU
		Release|Any CPU = Release|Any CPU
	EndGlobalSection
	GlobalSection(ProjectConfigurationPlatforms) = postSolution
		{FECC003D-BC84-3F48-A093-70DA7AF05EBD}.Debug|Any CPU.ActiveCfg = Debug|Any CPU
		{FECC003D-BC84-3F48-A093-70DA7AF05EBD}.Debug|Any CPU.Build.0 = Debug|Any CPU
		{FECC003D-BC84-3F48-A093-70DA7AF05EBD}.Release|Any CPU.ActiveCfg = Release|Any CPU
		{FECC003D-BC84-3F48-A093-70DA7AF05EBD}.Release|Any CPU.Build.0 = Release|Any CPU
	EndGlobalSection
	GlobalSection(SolutionProperties) = preSolution
		HideSolutionNode = FALSE
	EndGlobalSection
	GlobalSection(MonoDevelopProperties) = preSolution
		StartupItem = Assembly-CSharp.csproj
	EndGlobalSection
EndGlobal
